
Microsoft Visual Studio Solution File, Format Version 12.00
# Visual Studio Version 17
VisualStudioVersion = 17.8.34511.84
MinimumVisualStudioVersion = 10.0.40219.1
Project("{FAE04EC0-301F-11D3-BF4B-00C04F79EFBC}") = "NeuroMap Exporter", "NeuroMap Exporter.csproj", "{68B73124-8DCA-4575-BFEB-299C8F3C4EB3}"
EndProject
Global
	GlobalSection(SolutionConfigurationPlatforms) = preSolution
		Debug|Any CPU = Debug|Any CPU
		Release|Any CPU = Release|Any CPU
	EndGlobalSection
	GlobalSection(ProjectConfigurationPlatforms) = postSolution
		{68B73124-8DCA-4575-BFEB-299C8F3C4EB3}.Debug|Any CPU.ActiveCfg = Debug|Any CPU
		{68B73124-8DCA-4575-BFEB-299C8F3C4EB3}.Debug|Any CPU.Build.0 = Debug|Any CPU
		{68B73124-8DCA-4575-BFEB-299C8F3C4EB3}.Release|Any CPU.ActiveCfg = Release|Any CPU
		{68B73124-8DCA-4575-BFEB-299C8F3C4EB3}.Release|Any CPU.Build.0 = Release|Any CPU
	EndGlobalSection
	GlobalSection(SolutionProperties) = preSolution
		HideSolutionNode = FALSE
	EndGlobalSection
	GlobalSection(ExtensibilityGlobals) = postSolution
		SolutionGuid = {4532DBC2-6414-4053-8336-2DFA992AA6CC}
	EndGlobalSection
EndGlobal
